
Microsoft Visual Studio Solution File, Format Version 12.00
# Visual Studio Version 17
VisualStudioVersion = 17.5.33424.131
MinimumVisualStudioVersion = 10.0.40219.1
Project("{FAE04EC0-301F-11D3-BF4B-00C04F79EFBC}") = "rdcore0.1", "rdcore0.1.csproj", "{B02EB9FC-415D-4089-950E-3712A8118A94}"
EndProject
Global
	GlobalSection(SolutionConfigurationPlatforms) = preSolution
		Debug|Any CPU = Debug|Any CPU
		Release|Any CPU = Release|Any CPU
	EndGlobalSection
	GlobalSection(ProjectConfigurationPlatforms) = postSolution
		{B02EB9FC-415D-4089-950E-3712A8118A94}.Debug|Any CPU.ActiveCfg = Debug|Any CPU
		{B02EB9FC-415D-4089-950E-3712A8118A94}.Debug|Any CPU.Build.0 = Debug|Any CPU
		{B02EB9FC-415D-4089-950E-3712A8118A94}.Release|Any CPU.ActiveCfg = Release|Any CPU
		{B02EB9FC-415D-4089-950E-3712A8118A94}.Release|Any CPU.Build.0 = Release|Any CPU
	EndGlobalSection
	GlobalSection(SolutionProperties) = preSolution
		HideSolutionNode = FALSE
	EndGlobalSection
	GlobalSection(ExtensibilityGlobals) = postSolution
		SolutionGuid = {0309D3D5-A20D-4AAC-B254-59736A120CB7}
	EndGlobalSection
EndGlobal
